// !$*UTF8*$!
{
	archiveVersion = 1;
	classes = {
	};
	objectVersion = 55;
	objects = {

/* Begin PBXBuildFile section */
		1819B1F428D4CA2A00D9B2C4 /* AppDelegate.swift in Sources */ = {isa = PBXBuildFile; fileRef = 1819B1F328D4CA2A00D9B2C4 /* AppDelegate.swift */; };
		1819B1F628D4CA2A00D9B2C4 /* SceneDelegate.swift in Sources */ = {isa = PBXBuildFile; fileRef = 1819B1F528D4CA2A00D9B2C4 /* SceneDelegate.swift */; };
		1819B1F828D4CA2A00D9B2C4 /* ViewController.swift in Sources */ = {isa = PBXBuildFile; fileRef = 1819B1F728D4CA2A00D9B2C4 /* ViewController.swift */; };
		1819B1FB28D4CA2A00D9B2C4 /* Main.storyboard in Resources */ = {isa = PBXBuildFile; fileRef = 1819B1F928D4CA2A00D9B2C4 /* Main.storyboard */; };
		1819B1FD28D4CA2C00D9B2C4 /* Assets.xcassets in Resources */ = {isa = PBXBuildFile; fileRef = 1819B1FC28D4CA2C00D9B2C4 /* Assets.xcassets */; };
		1819B20028D4CA2C00D9B2C4 /* LaunchScreen.storyboard in Resources */ = {isa = PBXBuildFile; fileRef = 1819B1FE28D4CA2C00D9B2C4 /* LaunchScreen.storyboard */; };
		1819B20828D4CB1200D9B2C4 /* RegisterViewController.swift in Sources */ = {isa = PBXBuildFile; fileRef = 1819B20728D4CB1200D9B2C4 /* RegisterViewController.swift */; };
		1819B20A28D4CBBD00D9B2C4 /* GoogleService-Info.plist in Resources */ = {isa = PBXBuildFile; fileRef = 1819B20928D4CBBD00D9B2C4 /* GoogleService-Info.plist */; };
		1888830428D5CDF600EFA4C3 /* LoginViewController.swift in Sources */ = {isa = PBXBuildFile; fileRef = 1888830328D5CDF600EFA4C3 /* LoginViewController.swift */; };
		18F438BA28D58FE5006005F7 /* HomeTableViewCell.swift in Sources */ = {isa = PBXBuildFile; fileRef = 18F438B828D58FE5006005F7 /* HomeTableViewCell.swift */; };
		18F438BB28D58FE5006005F7 /* HomeTableViewCell.xib in Resources */ = {isa = PBXBuildFile; fileRef = 18F438B928D58FE5006005F7 /* HomeTableViewCell.xib */; };
		18F438BF28D59022006005F7 /* HomeCollectionViewCell.swift in Sources */ = {isa = PBXBuildFile; fileRef = 18F438BD28D59022006005F7 /* HomeCollectionViewCell.swift */; };
		18F438C028D59022006005F7 /* HomeCollectionViewCell.xib in Resources */ = {isa = PBXBuildFile; fileRef = 18F438BE28D59022006005F7 /* HomeCollectionViewCell.xib */; };
		18F438C228D59238006005F7 /* HomeViewController.swift in Sources */ = {isa = PBXBuildFile; fileRef = 18F438C128D59238006005F7 /* HomeViewController.swift */; };
		18F438C428D59380006005F7 /* Model.swift in Sources */ = {isa = PBXBuildFile; fileRef = 18F438C328D59380006005F7 /* Model.swift */; };
		18F438C728D5A055006005F7 /* HomeSecondTableViewCell.swift in Sources */ = {isa = PBXBuildFile; fileRef = 18F438C528D5A055006005F7 /* HomeSecondTableViewCell.swift */; };
		18F438C828D5A055006005F7 /* HomeSecondTableViewCell.xib in Resources */ = {isa = PBXBuildFile; fileRef = 18F438C628D5A055006005F7 /* HomeSecondTableViewCell.xib */; };
		6E7FC8454A0582E4AA82E7B7 /* Pods_cartDemo.framework in Frameworks */ = {isa = PBXBuildFile; fileRef = 77212685FB9DD1A219AA8F38 /* Pods_cartDemo.framework */; };
/* End PBXBuildFile section */

/* Begin PBXFileReference section */
		02DB03553E706566D63160C6 /* Pods-cartDemo.debug.xcconfig */ = {isa = PBXFileReference; includeInIndex = 1; lastKnownFileType = text.xcconfig; name = "Pods-cartDemo.debug.xcconfig"; path = "Target Support Files/Pods-cartDemo/Pods-cartDemo.debug.xcconfig"; sourceTree = "<group>"; };
		1819B1F028D4CA2A00D9B2C4 /* cartDemo.app */ = {isa = PBXFileReference; explicitFileType = wrapper.application; includeInIndex = 0; path = cartDemo.app; sourceTree = BUILT_PRODUCTS_DIR; };
		1819B1F328D4CA2A00D9B2C4 /* AppDelegate.swift */ = {isa = PBXFileReference; lastKnownFileType = sourcecode.swift; path = AppDelegate.swift; sourceTree = "<group>"; };
		1819B1F528D4CA2A00D9B2C4 /* SceneDelegate.swift */ = {isa = PBXFileReference; lastKnownFileType = sourcecode.swift; path = SceneDelegate.swift; sourceTree = "<group>"; };
		1819B1F728D4CA2A00D9B2C4 /* ViewController.swift */ = {isa = PBXFileReference; lastKnownFileType = sourcecode.swift; path = ViewController.swift; sourceTree = "<group>"; };
		1819B1FA28D4CA2A00D9B2C4 /* Base */ = {isa = PBXFileReference; lastKnownFileType = file.storyboard; name = Base; path = Base.lproj/Main.storyboard; sourceTree = "<group>"; };
		1819B1FC28D4CA2C00D9B2C4 /* Assets.xcassets */ = {isa = PBXFileReference; lastKnownFileType = folder.assetcatalog; path = Assets.xcassets; sourceTree = "<group>"; };
		1819B1FF28D4CA2C00D9B2C4 /* Base */ = {isa = PBXFileReference; lastKnownFileType = file.storyboard; name = Base; path = Base.lproj/LaunchScreen.storyboard; sourceTree = "<group>"; };
		1819B20128D4CA2C00D9B2C4 /* Info.plist */ = {isa = PBXFileReference; lastKnownFileType = text.plist.xml; path = Info.plist; sourceTree = "<group>"; };
		1819B20728D4CB1200D9B2C4 /* RegisterViewController.swift */ = {isa = PBXFileReference; lastKnownFileType = sourcecode.swift; path = RegisterViewController.swift; sourceTree = "<group>"; };
		1819B20928D4CBBD00D9B2C4 /* GoogleService-Info.plist */ = {isa = PBXFileReference; fileEncoding = 4; lastKnownFileType = text.plist.xml; path = "GoogleService-Info.plist"; sourceTree = "<group>"; };
		1888830328D5CDF600EFA4C3 /* LoginViewController.swift */ = {isa = PBXFileReference; lastKnownFileType = sourcecode.swift; path = LoginViewController.swift; sourceTree = "<group>"; };
		18BC19FC28D4E21200EE9EC4 /* cartDemo.entitlements */ = {isa = PBXFileReference; lastKnownFileType = text.plist.entitlements; path = cartDemo.entitlements; sourceTree = "<group>"; };
		18F438B828D58FE5006005F7 /* HomeTableViewCell.swift */ = {isa = PBXFileReference; lastKnownFileType = sourcecode.swift; path = HomeTableViewCell.swift; sourceTree = "<group>"; };
		18F438B928D58FE5006005F7 /* HomeTableViewCell.xib */ = {isa = PBXFileReference; lastKnownFileType = file.xib; path = HomeTableViewCell.xib; sourceTree = "<group>"; };
		18F438BD28D59022006005F7 /* HomeCollectionViewCell.swift */ = {isa = PBXFileReference; lastKnownFileType = sourcecode.swift; path = HomeCollectionViewCell.swift; sourceTree = "<group>"; };
		18F438BE28D59022006005F7 /* HomeCollectionViewCell.xib */ = {isa = PBXFileReference; lastKnownFileType = file.xib; path = HomeCollectionViewCell.xib; sourceTree = "<group>"; };
		18F438C128D59238006005F7 /* HomeViewController.swift */ = {isa = PBXFileReference; lastKnownFileType = sourcecode.swift; path = HomeViewController.swift; sourceTree = "<group>"; };
		18F438C328D59380006005F7 /* Model.swift */ = {isa = PBXFileReference; lastKnownFileType = sourcecode.swift; path = Model.swift; sourceTree = "<group>"; };
		18F438C528D5A055006005F7 /* HomeSecondTableViewCell.swift */ = {isa = PBXFileReference; lastKnownFileType = sourcecode.swift; path = HomeSecondTableViewCell.swift; sourceTree = "<group>"; };
		18F438C628D5A055006005F7 /* HomeSecondTableViewCell.xib */ = {isa = PBXFileReference; lastKnownFileType = file.xib; path = HomeSecondTableViewCell.xib; sourceTree = "<group>"; };
		77212685FB9DD1A219AA8F38 /* Pods_cartDemo.framework */ = {isa = PBXFileReference; explicitFileType = wrapper.framework; includeInIndex = 0; path = Pods_cartDemo.framework; sourceTree = BUILT_PRODUCTS_DIR; };
		95D516128CA1CF58621F150B /* Pods-cartDemo.release.xcconfig */ = {isa = PBXFileReference; includeInIndex = 1; lastKnownFileType = text.xcconfig; name = "Pods-cartDemo.release.xcconfig"; path = "Target Support Files/Pods-cartDemo/Pods-cartDemo.release.xcconfig"; sourceTree = "<group>"; };
/* End PBXFileReference section */

/* Begin PBXFrameworksBuildPhase section */
		1819B1ED28D4CA2A00D9B2C4 /* Frameworks */ = {
			isa = PBXFrameworksBuildPhase;
			buildActionMask = 2147483647;
			files = (
				6E7FC8454A0582E4AA82E7B7 /* Pods_cartDemo.framework in Frameworks */,
			);
			runOnlyForDeploymentPostprocessing = 0;
		};
/* End PBXFrameworksBuildPhase section */

/* Begin PBXGroup section */
		1819B1E728D4CA2A00D9B2C4 = {
			isa = PBXGroup;
			children = (
				1819B1F228D4CA2A00D9B2C4 /* cartDemo */,
				1819B1F128D4CA2A00D9B2C4 /* Products */,
				C15267783ACD2EB6C5C9B21A /* Pods */,
				947CDE98274C4BDABCAEADBF /* Frameworks */,
			);
			sourceTree = "<group>";
		};
		1819B1F128D4CA2A00D9B2C4 /* Products */ = {
			isa = PBXGroup;
			children = (
				1819B1F028D4CA2A00D9B2C4 /* cartDemo.app */,
			);
			name = Products;
			sourceTree = "<group>";
		};
		1819B1F228D4CA2A00D9B2C4 /* cartDemo */ = {
			isa = PBXGroup;
			children = (
				18BC19FC28D4E21200EE9EC4 /* cartDemo.entitlements */,
				1819B1F328D4CA2A00D9B2C4 /* AppDelegate.swift */,
				1819B1F528D4CA2A00D9B2C4 /* SceneDelegate.swift */,
				1888830128D5CDC400EFA4C3 /* Models */,
				18F438BC28D59001006005F7 /* CollectionView */,
				18F438B728D58FC2006005F7 /* TableView */,
				1888830228D5CDCE00EFA4C3 /* LoginViewControllers */,
				1888830028D5CDA700EFA4C3 /* ViewControllers */,
				1819B1F928D4CA2A00D9B2C4 /* Main.storyboard */,
				1819B1FC28D4CA2C00D9B2C4 /* Assets.xcassets */,
				1819B1FE28D4CA2C00D9B2C4 /* LaunchScreen.storyboard */,
				1819B20928D4CBBD00D9B2C4 /* GoogleService-Info.plist */,
				1819B20128D4CA2C00D9B2C4 /* Info.plist */,
			);
			path = cartDemo;
			sourceTree = "<group>";
		};
		1888830028D5CDA700EFA4C3 /* ViewControllers */ = {
			isa = PBXGroup;
			children = (
				1819B1F728D4CA2A00D9B2C4 /* ViewController.swift */,
				18F438C128D59238006005F7 /* HomeViewController.swift */,
			);
			path = ViewControllers;
			sourceTree = "<group>";
		};
		1888830128D5CDC400EFA4C3 /* Models */ = {
			isa = PBXGroup;
			children = (
				18F438C328D59380006005F7 /* Model.swift */,
			);
			path = Models;
			sourceTree = "<group>";
		};
		1888830228D5CDCE00EFA4C3 /* LoginViewControllers */ = {
			isa = PBXGroup;
			children = (
				1819B20728D4CB1200D9B2C4 /* RegisterViewController.swift */,
				1888830328D5CDF600EFA4C3 /* LoginViewController.swift */,
			);
			path = LoginViewControllers;
			sourceTree = "<group>";
		};
		18F438B728D58FC2006005F7 /* TableView */ = {
			isa = PBXGroup;
			children = (
				18F438C528D5A055006005F7 /* HomeSecondTableViewCell.swift */,
				18F438C628D5A055006005F7 /* HomeSecondTableViewCell.xib */,
				18F438B828D58FE5006005F7 /* HomeTableViewCell.swift */,
				18F438B928D58FE5006005F7 /* HomeTableViewCell.xib */,
			);
			path = TableView;
			sourceTree = "<group>";
		};
		18F438BC28D59001006005F7 /* CollectionView */ = {
			isa = PBXGroup;
			children = (
				18F438BD28D59022006005F7 /* HomeCollectionViewCell.swift */,
				18F438BE28D59022006005F7 /* HomeCollectionViewCell.xib */,
			);
			path = CollectionView;
			sourceTree = "<group>";
		};
		947CDE98274C4BDABCAEADBF /* Frameworks */ = {
			isa = PBXGroup;
			children = (
				77212685FB9DD1A219AA8F38 /* Pods_cartDemo.framework */,
			);
			name = Frameworks;
			sourceTree = "<group>";
		};
		C15267783ACD2EB6C5C9B21A /* Pods */ = {
			isa = PBXGroup;
			children = (
				02DB03553E706566D63160C6 /* Pods-cartDemo.debug.xcconfig */,
				95D516128CA1CF58621F150B /* Pods-cartDemo.release.xcconfig */,
			);
			path = Pods;
			sourceTree = "<group>";
		};
/* End PBXGroup section */

/* Begin PBXNativeTarget section */
		1819B1EF28D4CA2A00D9B2C4 /* cartDemo */ = {
			isa = PBXNativeTarget;
			buildConfigurationList = 1819B20428D4CA2C00D9B2C4 /* Build configuration list for PBXNativeTarget "cartDemo" */;
			buildPhases = (
				1822BE39224846F79E768CF9 /* [CP] Check Pods Manifest.lock */,
				1819B1EC28D4CA2A00D9B2C4 /* Sources */,
				1819B1ED28D4CA2A00D9B2C4 /* Frameworks */,
				1819B1EE28D4CA2A00D9B2C4 /* Resources */,
				A59BBFC807B78012DDB62137 /* [CP] Embed Pods Frameworks */,
			);
			buildRules = (
			);
			dependencies = (
			);
			name = cartDemo;
			packageProductDependencies = (
			);
			productName = cartDemo;
			productReference = 1819B1F028D4CA2A00D9B2C4 /* cartDemo.app */;
			productType = "com.apple.product-type.application";
		};
/* End PBXNativeTarget section */

/* Begin PBXProject section */
		1819B1E828D4CA2A00D9B2C4 /* Project object */ = {
			isa = PBXProject;
			attributes = {
				BuildIndependentTargetsInParallel = 1;
				LastSwiftUpdateCheck = 1340;
				LastUpgradeCheck = 1340;
				TargetAttributes = {
					1819B1EF28D4CA2A00D9B2C4 = {
						CreatedOnToolsVersion = 13.4.1;
					};
				};
			};
			buildConfigurationList = 1819B1EB28D4CA2A00D9B2C4 /* Build configuration list for PBXProject "cartDemo" */;
			compatibilityVersion = "Xcode 13.0";
			developmentRegion = en;
			hasScannedForEncodings = 0;
			knownRegions = (
				en,
				Base,
			);
			mainGroup = 1819B1E728D4CA2A00D9B2C4;
			packageReferences = (
			);
			productRefGroup = 1819B1F128D4CA2A00D9B2C4 /* Products */;
			projectDirPath = "";
			projectRoot = "";
			targets = (
				1819B1EF28D4CA2A00D9B2C4 /* cartDemo */,
			);
		};
/* End PBXProject section */

/* Begin PBXResourcesBuildPhase section */
		1819B1EE28D4CA2A00D9B2C4 /* Resources */ = {
			isa = PBXResourcesBuildPhase;
			buildActionMask = 2147483647;
			files = (
				18F438C828D5A055006005F7 /* HomeSecondTableViewCell.xib in Resources */,
				1819B20028D4CA2C00D9B2C4 /* LaunchScreen.storyboard in Resources */,
				18F438C028D59022006005F7 /* HomeCollectionViewCell.xib in Resources */,
				1819B20A28D4CBBD00D9B2C4 /* GoogleService-Info.plist in Resources */,
				1819B1FD28D4CA2C00D9B2C4 /* Assets.xcassets in Resources */,
				18F438BB28D58FE5006005F7 /* HomeTableViewCell.xib in Resources */,
				1819B1FB28D4CA2A00D9B2C4 /* Main.storyboard in Resources */,
			);
			runOnlyForDeploymentPostprocessing = 0;
		};
/* End PBXResourcesBuildPhase section */

/* Begin PBXShellScriptBuildPhase section */
		1822BE39224846F79E768CF9 /* [CP] Check Pods Manifest.lock */ = {
			isa = PBXShellScriptBuildPhase;
			buildActionMask = 2147483647;
			files = (
			);
			inputFileListPaths = (
			);
			inputPaths = (
				"${PODS_PODFILE_DIR_PATH}/Podfile.lock",
				"${PODS_ROOT}/Manifest.lock",
			);
			name = "[CP] Check Pods Manifest.lock";
			outputFileListPaths = (
			);
			outputPaths = (
				"$(DERIVED_FILE_DIR)/Pods-cartDemo-checkManifestLockResult.txt",
			);
			runOnlyForDeploymentPostprocessing = 0;
			shellPath = /bin/sh;
			shellScript = "diff \"${PODS_PODFILE_DIR_PATH}/Podfile.lock\" \"${PODS_ROOT}/Manifest.lock\" > /dev/null\nif [ $? != 0 ] ; then\n    # print error to STDERR\n    echo \"error: The sandbox is not in sync with the Podfile.lock. Run 'pod install' or update your CocoaPods installation.\" >&2\n    exit 1\nfi\n# This output is used by Xcode 'outputs' to avoid re-running this script phase.\necho \"SUCCESS\" > \"${SCRIPT_OUTPUT_FILE_0}\"\n";
			showEnvVarsInLog = 0;
		};
		A59BBFC807B78012DDB62137 /* [CP] Embed Pods Frameworks */ = {
			isa = PBXShellScriptBuildPhase;
			buildActionMask = 2147483647;
			files = (
			);
			inputFileListPaths = (
				"${PODS_ROOT}/Target Support Files/Pods-cartDemo/Pods-cartDemo-frameworks-${CONFIGURATION}-input-files.xcfilelist",
			);
			name = "[CP] Embed Pods Frameworks";
			outputFileListPaths = (
				"${PODS_ROOT}/Target Support Files/Pods-cartDemo/Pods-cartDemo-frameworks-${CONFIGURATION}-output-files.xcfilelist",
			);
			runOnlyForDeploymentPostprocessing = 0;
			shellPath = /bin/sh;
			shellScript = "\"${PODS_ROOT}/Target Support Files/Pods-cartDemo/Pods-cartDemo-frameworks.sh\"\n";
			showEnvVarsInLog = 0;
		};
/* End PBXShellScriptBuildPhase section */

/* Begin PBXSourcesBuildPhase section */
		1819B1EC28D4CA2A00D9B2C4 /* Sources */ = {
			isa = PBXSourcesBuildPhase;
			buildActionMask = 2147483647;
			files = (
				1819B1F828D4CA2A00D9B2C4 /* ViewController.swift in Sources */,
				18F438C728D5A055006005F7 /* HomeSecondTableViewCell.swift in Sources */,
				18F438BA28D58FE5006005F7 /* HomeTableViewCell.swift in Sources */,
				1819B1F428D4CA2A00D9B2C4 /* AppDelegate.swift in Sources */,
				1819B1F628D4CA2A00D9B2C4 /* SceneDelegate.swift in Sources */,
				1819B20828D4CB1200D9B2C4 /* RegisterViewController.swift in Sources */,
				18F438C228D59238006005F7 /* HomeViewController.swift in Sources */,
				18F438BF28D59022006005F7 /* HomeCollectionViewCell.swift in Sources */,
				1888830428D5CDF600EFA4C3 /* LoginViewController.swift in Sources */,
				18F438C428D59380006005F7 /* Model.swift in Sources */,
			);
			runOnlyForDeploymentPostprocessing = 0;
		};
/* End PBXSourcesBuildPhase section */

/* Begin PBXVariantGroup section */
		1819B1F928D4CA2A00D9B2C4 /* Main.storyboard */ = {
			isa = PBXVariantGroup;
			children = (
				1819B1FA28D4CA2A00D9B2C4 /* Base */,
			);
			name = Main.storyboard;
			sourceTree = "<group>";
		};
		1819B1FE28D4CA2C00D9B2C4 /* LaunchScreen.storyboard */ = {
			isa = PBXVariantGroup;
			children = (
				1819B1FF28D4CA2C00D9B2C4 /* Base */,
			);
			name = LaunchScreen.storyboard;
			sourceTree = "<group>";
		};
/* End PBXVariantGroup section */

/* Begin XCBuildConfiguration section */
		1819B20228D4CA2C00D9B2C4 /* Debug */ = {
			isa = XCBuildConfiguration;
			buildSettings = {
				ALWAYS_SEARCH_USER_PATHS = NO;
				CLANG_ANALYZER_NONNULL = YES;
				CLANG_ANALYZER_NUMBER_OBJECT_CONVERSION = YES_AGGRESSIVE;
				CLANG_CXX_LANGUAGE_STANDARD = "gnu++17";
				CLANG_ENABLE_MODULES = YES;
				CLANG_ENABLE_OBJC_ARC = YES;
				CLANG_ENABLE_OBJC_WEAK = YES;
				CLANG_WARN_BLOCK_CAPTURE_AUTORELEASING = YES;
				CLANG_WARN_BOOL_CONVERSION = YES;
				CLANG_WARN_COMMA = YES;
				CLANG_WARN_CONSTANT_CONVERSION = YES;
				CLANG_WARN_DEPRECATED_OBJC_IMPLEMENTATIONS = YES;
				CLANG_WARN_DIRECT_OBJC_ISA_USAGE = YES_ERROR;
				CLANG_WARN_DOCUMENTATION_COMMENTS = YES;
				CLANG_WARN_EMPTY_BODY = YES;
				CLANG_WARN_ENUM_CONVERSION = YES;
				CLANG_WARN_INFINITE_RECURSION = YES;
				CLANG_WARN_INT_CONVERSION = YES;
				CLANG_WARN_NON_LITERAL_NULL_CONVERSION = YES;
				CLANG_WARN_OBJC_IMPLICIT_RETAIN_SELF = YES;
				CLANG_WARN_OBJC_LITERAL_CONVERSION = YES;
				CLANG_WARN_OBJC_ROOT_CLASS = YES_ERROR;
				CLANG_WARN_QUOTED_INCLUDE_IN_FRAMEWORK_HEADER = YES;
				CLANG_WARN_RANGE_LOOP_ANALYSIS = YES;
				CLANG_WARN_STRICT_PROTOTYPES = YES;
				CLANG_WARN_SUSPICIOUS_MOVE = YES;
				CLANG_WARN_UNGUARDED_AVAILABILITY = YES_AGGRESSIVE;
				CLANG_WARN_UNREACHABLE_CODE = YES;
				CLANG_WARN__DUPLICATE_METHOD_MATCH = YES;
				COPY_PHASE_STRIP = NO;
				DEBUG_INFORMATION_FORMAT = dwarf;
				ENABLE_STRICT_OBJC_MSGSEND = YES;
				ENABLE_TESTABILITY = YES;
				GCC_C_LANGUAGE_STANDARD = gnu11;
				GCC_DYNAMIC_NO_PIC = NO;
				GCC_NO_COMMON_BLOCKS = YES;
				GCC_OPTIMIZATION_LEVEL = 0;
				GCC_PREPROCESSOR_DEFINITIONS = (
					"DEBUG=1",
					"$(inherited)",
				);
				GCC_WARN_64_TO_32_BIT_CONVERSION = YES;
				GCC_WARN_ABOUT_RETURN_TYPE = YES_ERROR;
				GCC_WARN_UNDECLARED_SELECTOR = YES;
				GCC_WARN_UNINITIALIZED_AUTOS = YES_AGGRESSIVE;
				GCC_WARN_UNUSED_FUNCTION = YES;
				GCC_WARN_UNUSED_VARIABLE = YES;
				IPHONEOS_DEPLOYMENT_TARGET = 15.5;
				MTL_ENABLE_DEBUG_INFO = INCLUDE_SOURCE;
				MTL_FAST_MATH = YES;
				ONLY_ACTIVE_ARCH = YES;
				SDKROOT = iphoneos;
				SWIFT_ACTIVE_COMPILATION_CONDITIONS = DEBUG;
				SWIFT_OPTIMIZATION_LEVEL = "-Onone";
			};
			name = Debug;
		};
		1819B20328D4CA2C00D9B2C4 /* Release */ = {
			isa = XCBuildConfiguration;
			buildSettings = {
				ALWAYS_SEARCH_USER_PATHS = NO;
				CLANG_ANALYZER_NONNULL = YES;
				CLANG_ANALYZER_NUMBER_OBJECT_CONVERSION = YES_AGGRESSIVE;
				CLANG_CXX_LANGUAGE_STANDARD = "gnu++17";
				CLANG_ENABLE_MODULES = YES;
				CLANG_ENABLE_OBJC_ARC = YES;
				CLANG_ENABLE_OBJC_WEAK = YES;
				CLANG_WARN_BLOCK_CAPTURE_AUTORELEASING = YES;
				CLANG_WARN_BOOL_CONVERSION = YES;
				CLANG_WARN_COMMA = YES;
				CLANG_WARN_CONSTANT_CONVERSION = YES;
				CLANG_WARN_DEPRECATED_OBJC_IMPLEMENTATIONS = YES;
				CLANG_WARN_DIRECT_OBJC_ISA_USAGE = YES_ERROR;
				CLANG_WARN_DOCUMENTATION_COMMENTS = YES;
				CLANG_WARN_EMPTY_BODY = YES;
				CLANG_WARN_ENUM_CONVERSION = YES;
				CLANG_WARN_INFINITE_RECURSION = YES;
				CLANG_WARN_INT_CONVERSION = YES;
				CLANG_WARN_NON_LITERAL_NULL_CONVERSION = YES;
				CLANG_WARN_OBJC_IMPLICIT_RETAIN_SELF = YES;
				CLANG_WARN_OBJC_LITERAL_CONVERSION = YES;
				CLANG_WARN_OBJC_ROOT_CLASS = YES_ERROR;
				CLANG_WARN_QUOTED_INCLUDE_IN_FRAMEWORK_HEADER = YES;
				CLANG_WARN_RANGE_LOOP_ANALYSIS = YES;
				CLANG_WARN_STRICT_PROTOTYPES = YES;
				CLANG_WARN_SUSPICIOUS_MOVE = YES;
				CLANG_WARN_UNGUARDED_AVAILABILITY = YES_AGGRESSIVE;
				CLANG_WARN_UNREACHABLE_CODE = YES;
				CLANG_WARN__DUPLICATE_METHOD_MATCH = YES;
				COPY_PHASE_STRIP = NO;
				DEBUG_INFORMATION_FORMAT = "dwarf-with-dsym";
				ENABLE_NS_ASSERTIONS = NO;
				ENABLE_STRICT_OBJC_MSGSEND = YES;
				GCC_C_LANGUAGE_STANDARD = gnu11;
				GCC_NO_COMMON_BLOCKS = YES;
				GCC_WARN_64_TO_32_BIT_CONVERSION = YES;
				GCC_WARN_ABOUT_RETURN_TYPE = YES_ERROR;
				GCC_WARN_UNDECLARED_SELECTOR = YES;
				GCC_WARN_UNINITIALIZED_AUTOS = YES_AGGRESSIVE;
				GCC_WARN_UNUSED_FUNCTION = YES;
				GCC_WARN_UNUSED_VARIABLE = YES;
				IPHONEOS_DEPLOYMENT_TARGET = 15.5;
				MTL_ENABLE_DEBUG_INFO = NO;
				MTL_FAST_MATH = YES;
				SDKROOT = iphoneos;
				SWIFT_COMPILATION_MODE = wholemodule;
				SWIFT_OPTIMIZATION_LEVEL = "-O";
				VALIDATE_PRODUCT = YES;
			};
			name = Release;
		};
		1819B20528D4CA2C00D9B2C4 /* Debug */ = {
			isa = XCBuildConfiguration;
			baseConfigurationReference = 02DB03553E706566D63160C6 /* Pods-cartDemo.debug.xcconfig */;
			buildSettings = {
				ASSETCATALOG_COMPILER_APPICON_NAME = AppIcon;
				ASSETCATALOG_COMPILER_GLOBAL_ACCENT_COLOR_NAME = AccentColor;
				CODE_SIGN_ENTITLEMENTS = cartDemo/cartDemo.entitlements;
				CODE_SIGN_STYLE = Automatic;
				CURRENT_PROJECT_VERSION = 1;
				DEVELOPMENT_TEAM = WBDD6DSTYT;
				GENERATE_INFOPLIST_FILE = YES;
				INFOPLIST_FILE = cartDemo/Info.plist;
				INFOPLIST_KEY_UIApplicationSupportsIndirectInputEvents = YES;
				INFOPLIST_KEY_UILaunchStoryboardName = LaunchScreen;
				INFOPLIST_KEY_UIMainStoryboardFile = Main;
				INFOPLIST_KEY_UISupportedInterfaceOrientations_iPad = "UIInterfaceOrientationPortrait UIInterfaceOrientationPortraitUpsideDown UIInterfaceOrientationLandscapeLeft UIInterfaceOrientationLandscapeRight";
				INFOPLIST_KEY_UISupportedInterfaceOrientations_iPhone = "UIInterfaceOrientationPortrait UIInterfaceOrientationLandscapeLeft UIInterfaceOrientationLandscapeRight";
				LD_RUNPATH_SEARCH_PATHS = (
					"$(inherited)",
					"@executable_path/Frameworks",
				);
				MARKETING_VERSION = 1.0;
				PRODUCT_BUNDLE_IDENTIFIER = "co.muskanrao.protocols-Demo2.cartDemo";
				PRODUCT_NAME = "$(TARGET_NAME)";
				SWIFT_EMIT_LOC_STRINGS = YES;
				SWIFT_VERSION = 5.0;
				TARGETED_DEVICE_FAMILY = "1,2";
			};
			name = Debug;
		};
		1819B20628D4CA2C00D9B2C4 /* Release */ = {
			isa = XCBuildConfiguration;
			baseConfigurationReference = 95D516128CA1CF58621F150B /* Pods-cartDemo.release.xcconfig */;
			buildSettings = {
				ASSETCATALOG_COMPILER_APPICON_NAME = AppIcon;
				ASSETCATALOG_COMPILER_GLOBAL_ACCENT_COLOR_NAME = AccentColor;
				CODE_SIGN_ENTITLEMENTS = cartDemo/cartDemo.entitlements;
				CODE_SIGN_STYLE = Automatic;
				CURRENT_PROJECT_VERSION = 1;
				DEVELOPMENT_TEAM = WBDD6DSTYT;
				GENERATE_INFOPLIST_FILE = YES;
				INFOPLIST_FILE = cartDemo/Info.plist;
				INFOPLIST_KEY_UIApplicationSupportsIndirectInputEvents = YES;
				INFOPLIST_KEY_UILaunchStoryboardName = LaunchScreen;
				INFOPLIST_KEY_UIMainStoryboardFile = Main;
				INFOPLIST_KEY_UISupportedInterfaceOrientations_iPad = "UIInterfaceOrientationPortrait UIInterfaceOrientationPortraitUpsideDown UIInterfaceOrientationLandscapeLeft UIInterfaceOrientationLandscapeRight";
				INFOPLIST_KEY_UISupportedInterfaceOrientations_iPhone = "UIInterfaceOrientationPortrait UIInterfaceOrientationLandscapeLeft UIInterfaceOrientationLandscapeRight";
				LD_RUNPATH_SEARCH_PATHS = (
					"$(inherited)",
					"@executable_path/Frameworks",
				);
				MARKETING_VERSION = 1.0;
				PRODUCT_BUNDLE_IDENTIFIER = "co.muskanrao.protocols-Demo2.cartDemo";
				PRODUCT_NAME = "$(TARGET_NAME)";
				SWIFT_EMIT_LOC_STRINGS = YES;
				SWIFT_VERSION = 5.0;
				TARGETED_DEVICE_FAMILY = "1,2";
			};
			name = Release;
		};
/* End XCBuildConfiguration section */

/* Begin XCConfigurationList section */
		1819B1EB28D4CA2A00D9B2C4 /* Build configuration list for PBXProject "cartDemo" */ = {
			isa = XCConfigurationList;
			buildConfigurations = (
				1819B20228D4CA2C00D9B2C4 /* Debug */,
				1819B20328D4CA2C00D9B2C4 /* Release */,
			);
			defaultConfigurationIsVisible = 0;
			defaultConfigurationName = Release;
		};
		1819B20428D4CA2C00D9B2C4 /* Build configuration list for PBXNativeTarget "cartDemo" */ = {
			isa = XCConfigurationList;
			buildConfigurations = (
				1819B20528D4CA2C00D9B2C4 /* Debug */,
				1819B20628D4CA2C00D9B2C4 /* Release */,
			);
			defaultConfigurationIsVisible = 0;
			defaultConfigurationName = Release;
		};
/* End XCConfigurationList section */
	};
	rootObject = 1819B1E828D4CA2A00D9B2C4 /* Project object */;
}
